
Microsoft Visual Studio Solution File, Format Version 12.00
# Visual Studio Version 17
VisualStudioVersion = 17.10.35122.118
MinimumVisualStudioVersion = 10.0.40219.1
Project("{FAE04EC0-301F-11D3-BF4B-00C04F79EFBC}") = "program", "program.csproj", "{2498CD1C-F14A-405E-9F7F-AB703EF2F0BE}"
EndProject
Global
	GlobalSection(SolutionConfigurationPlatforms) = preSolution
		Debug|Any CPU = Debug|Any CPU
		Release|Any CPU = Release|Any CPU
	EndGlobalSection
	GlobalSection(ProjectConfigurationPlatforms) = postSolution
		{2498CD1C-F14A-405E-9F7F-AB703EF2F0BE}.Debug|Any CPU.ActiveCfg = Debug|Any CPU
		{2498CD1C-F14A-405E-9F7F-AB703EF2F0BE}.Debug|Any CPU.Build.0 = Debug|Any CPU
		{2498CD1C-F14A-405E-9F7F-AB703EF2F0BE}.Release|Any CPU.ActiveCfg = Release|Any CPU
		{2498CD1C-F14A-405E-9F7F-AB703EF2F0BE}.Release|Any CPU.Build.0 = Release|Any CPU
	EndGlobalSection
	GlobalSection(SolutionProperties) = preSolution
		HideSolutionNode = FALSE
	EndGlobalSection
	GlobalSection(ExtensibilityGlobals) = postSolution
		SolutionGuid = {11FD0B19-D65C-4FE4-B23E-CE5280BDF994}
	EndGlobalSection
EndGlobal
